
Microsoft Visual Studio Solution File, Format Version 12.00
# Visual Studio Version 16
VisualStudioVersion = 16.0.29613.14
MinimumVisualStudioVersion = 10.0.40219.1
Project("{FAE04EC0-301F-11D3-BF4B-00C04F79EFBC}") = "xcad-solidworks", "src\sw\sw.csproj", "{8275F616-A130-474C-9084-DD04A76A77A7}"
EndProject
Global
	GlobalSection(SolutionConfigurationPlatforms) = preSolution
		Debug|Any CPU = Debug|Any CPU
		Release|Any CPU = Release|Any CPU
	EndGlobalSection
	GlobalSection(ProjectConfigurationPlatforms) = postSolution
		{8275F616-A130-474C-9084-DD04A76A77A7}.Debug|Any CPU.ActiveCfg = Debug|Any CPU
		{8275F616-A130-474C-9084-DD04A76A77A7}.Debug|Any CPU.Build.0 = Debug|Any CPU
		{8275F616-A130-474C-9084-DD04A76A77A7}.Release|Any CPU.ActiveCfg = Release|Any CPU
		{8275F616-A130-474C-9084-DD04A76A77A7}.Release|Any CPU.Build.0 = Release|Any CPU
	EndGlobalSection
	GlobalSection(SolutionProperties) = preSolution
		HideSolutionNode = FALSE
	EndGlobalSection
	GlobalSection(ExtensibilityGlobals) = postSolution
		SolutionGuid = {54DF9C89-F826-4D18-8855-39F01E7C9149}
	EndGlobalSection
EndGlobal
